
Microsoft Visual Studio Solution File, Format Version 12.00
# Visual Studio Version 17
VisualStudioVersion = 17.8.34330.188
MinimumVisualStudioVersion = 10.0.40219.1
Project("{888888A0-9F3D-457C-B088-3A5042F75D52}") = "DiscordAnonymous", "DiscordAnonymous\DiscordAnonymous.pyproj", "{72D6E438-D3AF-4011-AAB3-C5EF49FE373A}"
EndProject
Global
	GlobalSection(SolutionConfigurationPlatforms) = preSolution
		Debug|Any CPU = Debug|Any CPU
		Release|Any CPU = Release|Any CPU
	EndGlobalSection
	GlobalSection(ProjectConfigurationPlatforms) = postSolution
		{72D6E438-D3AF-4011-AAB3-C5EF49FE373A}.Debug|Any CPU.ActiveCfg = Debug|Any CPU
		{72D6E438-D3AF-4011-AAB3-C5EF49FE373A}.Release|Any CPU.ActiveCfg = Release|Any CPU
	EndGlobalSection
	GlobalSection(SolutionProperties) = preSolution
		HideSolutionNode = FALSE
	EndGlobalSection
	GlobalSection(ExtensibilityGlobals) = postSolution
		SolutionGuid = {68A9B050-ED9B-4056-92E7-542BF7D45C6A}
	EndGlobalSection
EndGlobal
